
Microsoft Visual Studio Solution File, Format Version 12.00
# Visual Studio 2017
Project("{FAE04EC0-301F-11D3-BF4B-00C04F79EFBC}") = "ReRefactor", "ReRefactor.csproj", "{CAB74B63-E2CD-E372-797E-F666EF155D9E}"
EndProject
Project("{FAE04EC0-301F-11D3-BF4B-00C04F79EFBC}") = "ReRefactor.Editor", "ReRefactor.Editor.csproj", "{AEE954E4-06B3-55E9-40BB-B654F24EB083}"
EndProject
Global
	GlobalSection(SolutionConfigurationPlatforms) = preSolution
		Debug|Any CPU = Debug|Any CPU
		Release|Any CPU = Release|Any CPU
	EndGlobalSection
	GlobalSection(ProjectConfigurationPlatforms) = postSolution
		{CAB74B63-E2CD-E372-797E-F666EF155D9E}.Debug|Any CPU.ActiveCfg = Debug|Any CPU
		{CAB74B63-E2CD-E372-797E-F666EF155D9E}.Debug|Any CPU.Build.0 = Debug|Any CPU
		{CAB74B63-E2CD-E372-797E-F666EF155D9E}.Release|Any CPU.ActiveCfg = Release|Any CPU
		{CAB74B63-E2CD-E372-797E-F666EF155D9E}.Release|Any CPU.Build.0 = Release|Any CPU
		{AEE954E4-06B3-55E9-40BB-B654F24EB083}.Debug|Any CPU.ActiveCfg = Debug|Any CPU
		{AEE954E4-06B3-55E9-40BB-B654F24EB083}.Debug|Any CPU.Build.0 = Debug|Any CPU
		{AEE954E4-06B3-55E9-40BB-B654F24EB083}.Release|Any CPU.ActiveCfg = Release|Any CPU
		{AEE954E4-06B3-55E9-40BB-B654F24EB083}.Release|Any CPU.Build.0 = Release|Any CPU
	EndGlobalSection
	GlobalSection(SolutionProperties) = preSolution
		HideSolutionNode = FALSE
	EndGlobalSection
EndGlobal
