
Microsoft Visual Studio Solution File, Format Version 12.00
# Visual Studio 15
Project("{FAE04EC0-301F-11D3-BF4B-00C04F79EFBC}") = "FromScratch", "FromScratch.csproj", "{6C03C02C-04C8-8F57-8CAA-3602332C2179}"
EndProject
Project("{FAE04EC0-301F-11D3-BF4B-00C04F79EFBC}") = "FromScratch.Editor", "FromScratch.Editor.csproj", "{39D4E618-F4A7-DE3D-1843-2EA673DE9A4E}"
EndProject
Global
	GlobalSection(SolutionConfigurationPlatforms) = preSolution
		Debug|Any CPU = Debug|Any CPU
		Release|Any CPU = Release|Any CPU
	EndGlobalSection
	GlobalSection(ProjectConfigurationPlatforms) = postSolution
		{6C03C02C-04C8-8F57-8CAA-3602332C2179}.Debug|Any CPU.ActiveCfg = Debug|Any CPU
		{6C03C02C-04C8-8F57-8CAA-3602332C2179}.Debug|Any CPU.Build.0 = Debug|Any CPU
		{6C03C02C-04C8-8F57-8CAA-3602332C2179}.Release|Any CPU.ActiveCfg = Release|Any CPU
		{6C03C02C-04C8-8F57-8CAA-3602332C2179}.Release|Any CPU.Build.0 = Release|Any CPU
		{39D4E618-F4A7-DE3D-1843-2EA673DE9A4E}.Debug|Any CPU.ActiveCfg = Debug|Any CPU
		{39D4E618-F4A7-DE3D-1843-2EA673DE9A4E}.Debug|Any CPU.Build.0 = Debug|Any CPU
		{39D4E618-F4A7-DE3D-1843-2EA673DE9A4E}.Release|Any CPU.ActiveCfg = Release|Any CPU
		{39D4E618-F4A7-DE3D-1843-2EA673DE9A4E}.Release|Any CPU.Build.0 = Release|Any CPU
	EndGlobalSection
	GlobalSection(SolutionProperties) = preSolution
		HideSolutionNode = FALSE
	EndGlobalSection
EndGlobal
